
Microsoft Visual Studio Solution File, Format Version 11.00
# Visual Studio 2010
Project("{FAE04EC0-301F-11D3-BF4B-00C04F79EFBC}") = "Excess.Core", "Excess.Core.csproj", "{EBD4A335-C122-4C52-BB61-9F1E4D8035EA}"
EndProject
Global
	GlobalSection(SolutionConfigurationPlatforms) = preSolution
		Debug|Any CPU = Debug|Any CPU
		Release|Any CPU = Release|Any CPU
	EndGlobalSection
	GlobalSection(ProjectConfigurationPlatforms) = postSolution
		{EBD4A335-C122-4C52-BB61-9F1E4D8035EA}.Debug|Any CPU.ActiveCfg = Debug|Any CPU
		{EBD4A335-C122-4C52-BB61-9F1E4D8035EA}.Debug|Any CPU.Build.0 = Debug|Any CPU
		{EBD4A335-C122-4C52-BB61-9F1E4D8035EA}.Release|Any CPU.ActiveCfg = Release|Any CPU
		{EBD4A335-C122-4C52-BB61-9F1E4D8035EA}.Release|Any CPU.Build.0 = Release|Any CPU
	EndGlobalSection
	GlobalSection(SolutionProperties) = preSolution
		HideSolutionNode = FALSE
	EndGlobalSection
EndGlobal
